// !$*UTF8*$!
{
	archiveVersion = 1;
	classes = {
	};
	objectVersion = 50;
	objects = {

/* Begin PBXBuildFile section */
		9B9499E520C93EAA00247E26 /* Extension.swift in Sources */ = {isa = PBXBuildFile; fileRef = 9B9499E420C93EAA00247E26 /* Extension.swift */; };
		9B9499E720C9441E00247E26 /* APIService.swift in Sources */ = {isa = PBXBuildFile; fileRef = 9B9499E620C9441E00247E26 /* APIService.swift */; };
		9B9499EA20C946CA00247E26 /* ColorData.swift in Sources */ = {isa = PBXBuildFile; fileRef = 9B9499E920C946CA00247E26 /* ColorData.swift */; };
		9BD9F37E20C934A9003F2FBF /* AppDelegate.swift in Sources */ = {isa = PBXBuildFile; fileRef = 9BD9F37D20C934A9003F2FBF /* AppDelegate.swift */; };
		9BD9F38020C934A9003F2FBF /* ViewController.swift in Sources */ = {isa = PBXBuildFile; fileRef = 9BD9F37F20C934A9003F2FBF /* ViewController.swift */; };
		9BD9F38320C934A9003F2FBF /* Main.storyboard in Resources */ = {isa = PBXBuildFile; fileRef = 9BD9F38120C934A9003F2FBF /* Main.storyboard */; };
		9BD9F38520C934AE003F2FBF /* Assets.xcassets in Resources */ = {isa = PBXBuildFile; fileRef = 9BD9F38420C934AE003F2FBF /* Assets.xcassets */; };
		9BD9F38820C934AE003F2FBF /* LaunchScreen.storyboard in Resources */ = {isa = PBXBuildFile; fileRef = 9BD9F38620C934AE003F2FBF /* LaunchScreen.storyboard */; };
		9BD9F39220C93556003F2FBF /* BaseView.swift in Sources */ = {isa = PBXBuildFile; fileRef = 9BD9F38F20C93555003F2FBF /* BaseView.swift */; };
		9BD9F39320C93556003F2FBF /* SquareView.swift in Sources */ = {isa = PBXBuildFile; fileRef = 9BD9F39020C93555003F2FBF /* SquareView.swift */; };
		9BD9F39420C93556003F2FBF /* CircleView.swift in Sources */ = {isa = PBXBuildFile; fileRef = 9BD9F39120C93556003F2FBF /* CircleView.swift */; };
/* End PBXBuildFile section */

/* Begin PBXFileReference section */
		9B9499E420C93EAA00247E26 /* Extension.swift */ = {isa = PBXFileReference; lastKnownFileType = sourcecode.swift; path = Extension.swift; sourceTree = "<group>"; };
		9B9499E620C9441E00247E26 /* APIService.swift */ = {isa = PBXFileReference; lastKnownFileType = sourcecode.swift; path = APIService.swift; sourceTree = "<group>"; };
		9B9499E920C946CA00247E26 /* ColorData.swift */ = {isa = PBXFileReference; lastKnownFileType = sourcecode.swift; path = ColorData.swift; sourceTree = "<group>"; };
		9BD9F37A20C934A9003F2FBF /* PaintShapes.app */ = {isa = PBXFileReference; explicitFileType = wrapper.application; includeInIndex = 0; path = PaintShapes.app; sourceTree = BUILT_PRODUCTS_DIR; };
		9BD9F37D20C934A9003F2FBF /* AppDelegate.swift */ = {isa = PBXFileReference; lastKnownFileType = sourcecode.swift; path = AppDelegate.swift; sourceTree = "<group>"; };
		9BD9F37F20C934A9003F2FBF /* ViewController.swift */ = {isa = PBXFileReference; lastKnownFileType = sourcecode.swift; path = ViewController.swift; sourceTree = "<group>"; };
		9BD9F38220C934A9003F2FBF /* Base */ = {isa = PBXFileReference; lastKnownFileType = file.storyboard; name = Base; path = Base.lproj/Main.storyboard; sourceTree = "<group>"; };
		9BD9F38420C934AE003F2FBF /* Assets.xcassets */ = {isa = PBXFileReference; lastKnownFileType = folder.assetcatalog; path = Assets.xcassets; sourceTree = "<group>"; };
		9BD9F38720C934AE003F2FBF /* Base */ = {isa = PBXFileReference; lastKnownFileType = file.storyboard; name = Base; path = Base.lproj/LaunchScreen.storyboard; sourceTree = "<group>"; };
		9BD9F38920C934AF003F2FBF /* Info.plist */ = {isa = PBXFileReference; lastKnownFileType = text.plist.xml; path = Info.plist; sourceTree = "<group>"; };
		9BD9F38F20C93555003F2FBF /* BaseView.swift */ = {isa = PBXFileReference; fileEncoding = 4; lastKnownFileType = sourcecode.swift; path = BaseView.swift; sourceTree = "<group>"; };
		9BD9F39020C93555003F2FBF /* SquareView.swift */ = {isa = PBXFileReference; fileEncoding = 4; lastKnownFileType = sourcecode.swift; path = SquareView.swift; sourceTree = "<group>"; };
		9BD9F39120C93556003F2FBF /* CircleView.swift */ = {isa = PBXFileReference; fileEncoding = 4; lastKnownFileType = sourcecode.swift; path = CircleView.swift; sourceTree = "<group>"; };
/* End PBXFileReference section */

/* Begin PBXFrameworksBuildPhase section */
		9BD9F37720C934A9003F2FBF /* Frameworks */ = {
			isa = PBXFrameworksBuildPhase;
			buildActionMask = 2147483647;
			files = (
			);
			runOnlyForDeploymentPostprocessing = 0;
		};
/* End PBXFrameworksBuildPhase section */

/* Begin PBXGroup section */
		9BD9F37120C934A9003F2FBF = {
			isa = PBXGroup;
			children = (
				9BD9F37C20C934A9003F2FBF /* PaintShapes */,
				9BD9F37B20C934A9003F2FBF /* Products */,
			);
			sourceTree = "<group>";
		};
		9BD9F37B20C934A9003F2FBF /* Products */ = {
			isa = PBXGroup;
			children = (
				9BD9F37A20C934A9003F2FBF /* PaintShapes.app */,
			);
			name = Products;
			sourceTree = "<group>";
		};
		9BD9F37C20C934A9003F2FBF /* PaintShapes */ = {
			isa = PBXGroup;
			children = (
				9BD9F37D20C934A9003F2FBF /* AppDelegate.swift */,
				9BD9F37F20C934A9003F2FBF /* ViewController.swift */,
				9BD9F38F20C93555003F2FBF /* BaseView.swift */,
				9BD9F39120C93556003F2FBF /* CircleView.swift */,
				9BD9F39020C93555003F2FBF /* SquareView.swift */,
				9B9499E420C93EAA00247E26 /* Extension.swift */,
				9B9499E620C9441E00247E26 /* APIService.swift */,
				9B9499E920C946CA00247E26 /* ColorData.swift */,
				9BD9F38120C934A9003F2FBF /* Main.storyboard */,
				9BD9F38420C934AE003F2FBF /* Assets.xcassets */,
				9BD9F38620C934AE003F2FBF /* LaunchScreen.storyboard */,
				9BD9F38920C934AF003F2FBF /* Info.plist */,
			);
			path = PaintShapes;
			sourceTree = "<group>";
		};
/* End PBXGroup section */

/* Begin PBXNativeTarget section */
		9BD9F37920C934A9003F2FBF /* PaintShapes */ = {
			isa = PBXNativeTarget;
			buildConfigurationList = 9BD9F38C20C934AF003F2FBF /* Build configuration list for PBXNativeTarget "PaintShapes" */;
			buildPhases = (
				9BD9F37620C934A9003F2FBF /* Sources */,
				9BD9F37720C934A9003F2FBF /* Frameworks */,
				9BD9F37820C934A9003F2FBF /* Resources */,
				9B9499E820C9447500247E26 /* ShellScript */,
			);
			buildRules = (
			);
			dependencies = (
			);
			name = PaintShapes;
			productName = PaintShapes;
			productReference = 9BD9F37A20C934A9003F2FBF /* PaintShapes.app */;
			productType = "com.apple.product-type.application";
		};
/* End PBXNativeTarget section */

/* Begin PBXProject section */
		9BD9F37220C934A9003F2FBF /* Project object */ = {
			isa = PBXProject;
			attributes = {
				LastSwiftUpdateCheck = 0930;
				LastUpgradeCheck = 0930;
				ORGANIZATIONNAME = queenahu;
				TargetAttributes = {
					9BD9F37920C934A9003F2FBF = {
						CreatedOnToolsVersion = 9.3.1;
					};
				};
			};
			buildConfigurationList = 9BD9F37520C934A9003F2FBF /* Build configuration list for PBXProject "PaintShapes" */;
			compatibilityVersion = "Xcode 9.3";
			developmentRegion = en;
			hasScannedForEncodings = 0;
			knownRegions = (
				en,
				Base,
			);
			mainGroup = 9BD9F37120C934A9003F2FBF;
			productRefGroup = 9BD9F37B20C934A9003F2FBF /* Products */;
			projectDirPath = "";
			projectRoot = "";
			targets = (
				9BD9F37920C934A9003F2FBF /* PaintShapes */,
			);
		};
/* End PBXProject section */

/* Begin PBXResourcesBuildPhase section */
		9BD9F37820C934A9003F2FBF /* Resources */ = {
			isa = PBXResourcesBuildPhase;
			buildActionMask = 2147483647;
			files = (
				9BD9F38820C934AE003F2FBF /* LaunchScreen.storyboard in Resources */,
				9BD9F38520C934AE003F2FBF /* Assets.xcassets in Resources */,
				9BD9F38320C934A9003F2FBF /* Main.storyboard in Resources */,
			);
			runOnlyForDeploymentPostprocessing = 0;
		};
/* End PBXResourcesBuildPhase section */

/* Begin PBXShellScriptBuildPhase section */
		9B9499E820C9447500247E26 /* ShellScript */ = {
			isa = PBXShellScriptBuildPhase;
			buildActionMask = 2147483647;
			files = (
			);
			inputPaths = (
			);
			outputPaths = (
			);
			runOnlyForDeploymentPostprocessing = 0;
			shellPath = /bin/sh;
			shellScript = "if which swiftlint >/dev/null; then\nswiftlint\nelse\necho \"warning: SwiftLint not installed, download from https://github.com/realm/SwiftLint\"\nfi";
		};
/* End PBXShellScriptBuildPhase section */

/* Begin PBXSourcesBuildPhase section */
		9BD9F37620C934A9003F2FBF /* Sources */ = {
			isa = PBXSourcesBuildPhase;
			buildActionMask = 2147483647;
			files = (
				9BD9F39220C93556003F2FBF /* BaseView.swift in Sources */,
				9B9499E720C9441E00247E26 /* APIService.swift in Sources */,
				9BD9F39420C93556003F2FBF /* CircleView.swift in Sources */,
				9B9499EA20C946CA00247E26 /* ColorData.swift in Sources */,
				9BD9F38020C934A9003F2FBF /* ViewController.swift in Sources */,
				9B9499E520C93EAA00247E26 /* Extension.swift in Sources */,
				9BD9F37E20C934A9003F2FBF /* AppDelegate.swift in Sources */,
				9BD9F39320C93556003F2FBF /* SquareView.swift in Sources */,
			);
			runOnlyForDeploymentPostprocessing = 0;
		};
/* End PBXSourcesBuildPhase section */

/* Begin PBXVariantGroup section */
		9BD9F38120C934A9003F2FBF /* Main.storyboard */ = {
			isa = PBXVariantGroup;
			children = (
				9BD9F38220C934A9003F2FBF /* Base */,
			);
			name = Main.storyboard;
			sourceTree = "<group>";
		};
		9BD9F38620C934AE003F2FBF /* LaunchScreen.storyboard */ = {
			isa = PBXVariantGroup;
			children = (
				9BD9F38720C934AE003F2FBF /* Base */,
			);
			name = LaunchScreen.storyboard;
			sourceTree = "<group>";
		};
/* End PBXVariantGroup section */

/* Begin XCBuildConfiguration section */
		9BD9F38A20C934AF003F2FBF /* Debug */ = {
			isa = XCBuildConfiguration;
			buildSettings = {
				ALWAYS_SEARCH_USER_PATHS = NO;
				CLANG_ANALYZER_NONNULL = YES;
				CLANG_ANALYZER_NUMBER_OBJECT_CONVERSION = YES_AGGRESSIVE;
				CLANG_CXX_LANGUAGE_STANDARD = "gnu++14";
				CLANG_CXX_LIBRARY = "libc++";
				CLANG_ENABLE_MODULES = YES;
				CLANG_ENABLE_OBJC_ARC = YES;
				CLANG_ENABLE_OBJC_WEAK = YES;
				CLANG_WARN_BLOCK_CAPTURE_AUTORELEASING = YES;
				CLANG_WARN_BOOL_CONVERSION = YES;
				CLANG_WARN_COMMA = YES;
				CLANG_WARN_CONSTANT_CONVERSION = YES;
				CLANG_WARN_DEPRECATED_OBJC_IMPLEMENTATIONS = YES;
				CLANG_WARN_DIRECT_OBJC_ISA_USAGE = YES_ERROR;
				CLANG_WARN_DOCUMENTATION_COMMENTS = YES;
				CLANG_WARN_EMPTY_BODY = YES;
				CLANG_WARN_ENUM_CONVERSION = YES;
				CLANG_WARN_INFINITE_RECURSION = YES;
				CLANG_WARN_INT_CONVERSION = YES;
				CLANG_WARN_NON_LITERAL_NULL_CONVERSION = YES;
				CLANG_WARN_OBJC_IMPLICIT_RETAIN_SELF = YES;
				CLANG_WARN_OBJC_LITERAL_CONVERSION = YES;
				CLANG_WARN_OBJC_ROOT_CLASS = YES_ERROR;
				CLANG_WARN_RANGE_LOOP_ANALYSIS = YES;
				CLANG_WARN_STRICT_PROTOTYPES = YES;
				CLANG_WARN_SUSPICIOUS_MOVE = YES;
				CLANG_WARN_UNGUARDED_AVAILABILITY = YES_AGGRESSIVE;
				CLANG_WARN_UNREACHABLE_CODE = YES;
				CLANG_WARN__DUPLICATE_METHOD_MATCH = YES;
				CODE_SIGN_IDENTITY = "iPhone Developer";
				COPY_PHASE_STRIP = NO;
				DEBUG_INFORMATION_FORMAT = dwarf;
				ENABLE_STRICT_OBJC_MSGSEND = YES;
				ENABLE_TESTABILITY = YES;
				GCC_C_LANGUAGE_STANDARD = gnu11;
				GCC_DYNAMIC_NO_PIC = NO;
				GCC_NO_COMMON_BLOCKS = YES;
				GCC_OPTIMIZATION_LEVEL = 0;
				GCC_PREPROCESSOR_DEFINITIONS = (
					"DEBUG=1",
					"$(inherited)",
				);
				GCC_WARN_64_TO_32_BIT_CONVERSION = YES;
				GCC_WARN_ABOUT_RETURN_TYPE = YES_ERROR;
				GCC_WARN_UNDECLARED_SELECTOR = YES;
				GCC_WARN_UNINITIALIZED_AUTOS = YES_AGGRESSIVE;
				GCC_WARN_UNUSED_FUNCTION = YES;
				GCC_WARN_UNUSED_VARIABLE = YES;
				IPHONEOS_DEPLOYMENT_TARGET = 11.3;
				MTL_ENABLE_DEBUG_INFO = YES;
				ONLY_ACTIVE_ARCH = YES;
				SDKROOT = iphoneos;
				SWIFT_ACTIVE_COMPILATION_CONDITIONS = DEBUG;
				SWIFT_OPTIMIZATION_LEVEL = "-Onone";
			};
			name = Debug;
		};
		9BD9F38B20C934AF003F2FBF /* Release */ = {
			isa = XCBuildConfiguration;
			buildSettings = {
				ALWAYS_SEARCH_USER_PATHS = NO;
				CLANG_ANALYZER_NONNULL = YES;
				CLANG_ANALYZER_NUMBER_OBJECT_CONVERSION = YES_AGGRESSIVE;
				CLANG_CXX_LANGUAGE_STANDARD = "gnu++14";
				CLANG_CXX_LIBRARY = "libc++";
				CLANG_ENABLE_MODULES = YES;
				CLANG_ENABLE_OBJC_ARC = YES;
				CLANG_ENABLE_OBJC_WEAK = YES;
				CLANG_WARN_BLOCK_CAPTURE_AUTORELEASING = YES;
				CLANG_WARN_BOOL_CONVERSION = YES;
				CLANG_WARN_COMMA = YES;
				CLANG_WARN_CONSTANT_CONVERSION = YES;
				CLANG_WARN_DEPRECATED_OBJC_IMPLEMENTATIONS = YES;
				CLANG_WARN_DIRECT_OBJC_ISA_USAGE = YES_ERROR;
				CLANG_WARN_DOCUMENTATION_COMMENTS = YES;
				CLANG_WARN_EMPTY_BODY = YES;
				CLANG_WARN_ENUM_CONVERSION = YES;
				CLANG_WARN_INFINITE_RECURSION = YES;
				CLANG_WARN_INT_CONVERSION = YES;
				CLANG_WARN_NON_LITERAL_NULL_CONVERSION = YES;
				CLANG_WARN_OBJC_IMPLICIT_RETAIN_SELF = YES;
				CLANG_WARN_OBJC_LITERAL_CONVERSION = YES;
				CLANG_WARN_OBJC_ROOT_CLASS = YES_ERROR;
				CLANG_WARN_RANGE_LOOP_ANALYSIS = YES;
				CLANG_WARN_STRICT_PROTOTYPES = YES;
				CLANG_WARN_SUSPICIOUS_MOVE = YES;
				CLANG_WARN_UNGUARDED_AVAILABILITY = YES_AGGRESSIVE;
				CLANG_WARN_UNREACHABLE_CODE = YES;
				CLANG_WARN__DUPLICATE_METHOD_MATCH = YES;
				CODE_SIGN_IDENTITY = "iPhone Developer";
				COPY_PHASE_STRIP = NO;
				DEBUG_INFORMATION_FORMAT = "dwarf-with-dsym";
				ENABLE_NS_ASSERTIONS = NO;
				ENABLE_STRICT_OBJC_MSGSEND = YES;
				GCC_C_LANGUAGE_STANDARD = gnu11;
				GCC_NO_COMMON_BLOCKS = YES;
				GCC_WARN_64_TO_32_BIT_CONVERSION = YES;
				GCC_WARN_ABOUT_RETURN_TYPE = YES_ERROR;
				GCC_WARN_UNDECLARED_SELECTOR = YES;
				GCC_WARN_UNINITIALIZED_AUTOS = YES_AGGRESSIVE;
				GCC_WARN_UNUSED_FUNCTION = YES;
				GCC_WARN_UNUSED_VARIABLE = YES;
				IPHONEOS_DEPLOYMENT_TARGET = 11.3;
				MTL_ENABLE_DEBUG_INFO = NO;
				SDKROOT = iphoneos;
				SWIFT_COMPILATION_MODE = wholemodule;
				SWIFT_OPTIMIZATION_LEVEL = "-O";
				VALIDATE_PRODUCT = YES;
			};
			name = Release;
		};
		9BD9F38D20C934AF003F2FBF /* Debug */ = {
			isa = XCBuildConfiguration;
			buildSettings = {
				ASSETCATALOG_COMPILER_APPICON_NAME = AppIcon;
				CODE_SIGN_STYLE = Automatic;
				DEVELOPMENT_TEAM = 383HSRD9U3;
				INFOPLIST_FILE = PaintShapes/Info.plist;
				LD_RUNPATH_SEARCH_PATHS = (
					"$(inherited)",
					"@executable_path/Frameworks",
				);
				PRODUCT_BUNDLE_IDENTIFIER = com.queenahu.PaintShapes;
				PRODUCT_NAME = "$(TARGET_NAME)";
				SWIFT_VERSION = 4.0;
				TARGETED_DEVICE_FAMILY = "1,2";
			};
			name = Debug;
		};
		9BD9F38E20C934AF003F2FBF /* Release */ = {
			isa = XCBuildConfiguration;
			buildSettings = {
				ASSETCATALOG_COMPILER_APPICON_NAME = AppIcon;
				CODE_SIGN_STYLE = Automatic;
				DEVELOPMENT_TEAM = 383HSRD9U3;
				INFOPLIST_FILE = PaintShapes/Info.plist;
				LD_RUNPATH_SEARCH_PATHS = (
					"$(inherited)",
					"@executable_path/Frameworks",
				);
				PRODUCT_BUNDLE_IDENTIFIER = com.queenahu.PaintShapes;
				PRODUCT_NAME = "$(TARGET_NAME)";
				SWIFT_VERSION = 4.0;
				TARGETED_DEVICE_FAMILY = "1,2";
			};
			name = Release;
		};
/* End XCBuildConfiguration section */

/* Begin XCConfigurationList section */
		9BD9F37520C934A9003F2FBF /* Build configuration list for PBXProject "PaintShapes" */ = {
			isa = XCConfigurationList;
			buildConfigurations = (
				9BD9F38A20C934AF003F2FBF /* Debug */,
				9BD9F38B20C934AF003F2FBF /* Release */,
			);
			defaultConfigurationIsVisible = 0;
			defaultConfigurationName = Release;
		};
		9BD9F38C20C934AF003F2FBF /* Build configuration list for PBXNativeTarget "PaintShapes" */ = {
			isa = XCConfigurationList;
			buildConfigurations = (
				9BD9F38D20C934AF003F2FBF /* Debug */,
				9BD9F38E20C934AF003F2FBF /* Release */,
			);
			defaultConfigurationIsVisible = 0;
			defaultConfigurationName = Release;
		};
/* End XCConfigurationList section */
	};
	rootObject = 9BD9F37220C934A9003F2FBF /* Project object */;
}
